
Microsoft Visual Studio Solution File, Format Version 12.00
# Visual Studio Version 17
VisualStudioVersion = 17.14.36429.23 d17.14
MinimumVisualStudioVersion = 10.0.40219.1
Project("{FAE04EC0-301F-11D3-BF4B-00C04F79EFBC}") = "CompanyPlanner.API", "CompanyPlanner.API\CompanyPlanner.API.csproj", "{67F1C2D5-93A6-448D-A8CA-F41FB131B019}"
EndProject
Project("{2150E333-8FDC-42A3-9474-1A3956D46DE8}") = "Solution Items", "Solution Items", "{8EC462FD-D22E-90A8-E5CE-7E832BA40C5D}"
	ProjectSection(SolutionItems) = preProject
		.gitignore = .gitignore
	EndProjectSection
EndProject
Project("{FAE04EC0-301F-11D3-BF4B-00C04F79EFBC}") = "CompanyPlanner.BusinessService", "CompanyPlanner.BusinessService\CompanyPlanner.BusinessService.csproj", "{15299DA6-16F9-4960-B3EE-5CD372CA1DF0}"
EndProject
Project("{FAE04EC0-301F-11D3-BF4B-00C04F79EFBC}") = "CompanyPlanner.DataService", "CompanyPlanner.DataService\CompanyPlanner.DataService.csproj", "{401C1813-577C-464A-A5A6-810FBD40FCD9}"
EndProject
Project("{FAE04EC0-301F-11D3-BF4B-00C04F79EFBC}") = "CompanyPlanner.Infrastructure", "CompanyPlanner.Infrastructure\CompanyPlanner.Infrastructure.csproj", "{6D770E84-FD5F-4AB3-A6A3-C5D9947EFBA7}"
EndProject
Global
	GlobalSection(SolutionConfigurationPlatforms) = preSolution
		Debug|Any CPU = Debug|Any CPU
		Release|Any CPU = Release|Any CPU
	EndGlobalSection
	GlobalSection(ProjectConfigurationPlatforms) = postSolution
		{67F1C2D5-93A6-448D-A8CA-F41FB131B019}.Debug|Any CPU.ActiveCfg = Debug|Any CPU
		{67F1C2D5-93A6-448D-A8CA-F41FB131B019}.Debug|Any CPU.Build.0 = Debug|Any CPU
		{67F1C2D5-93A6-448D-A8CA-F41FB131B019}.Release|Any CPU.ActiveCfg = Release|Any CPU
		{67F1C2D5-93A6-448D-A8CA-F41FB131B019}.Release|Any CPU.Build.0 = Release|Any CPU
		{15299DA6-16F9-4960-B3EE-5CD372CA1DF0}.Debug|Any CPU.ActiveCfg = Debug|Any CPU
		{15299DA6-16F9-4960-B3EE-5CD372CA1DF0}.Debug|Any CPU.Build.0 = Debug|Any CPU
		{15299DA6-16F9-4960-B3EE-5CD372CA1DF0}.Release|Any CPU.ActiveCfg = Release|Any CPU
		{15299DA6-16F9-4960-B3EE-5CD372CA1DF0}.Release|Any CPU.Build.0 = Release|Any CPU
		{401C1813-577C-464A-A5A6-810FBD40FCD9}.Debug|Any CPU.ActiveCfg = Debug|Any CPU
		{401C1813-577C-464A-A5A6-810FBD40FCD9}.Debug|Any CPU.Build.0 = Debug|Any CPU
		{401C1813-577C-464A-A5A6-810FBD40FCD9}.Release|Any CPU.ActiveCfg = Release|Any CPU
		{401C1813-577C-464A-A5A6-810FBD40FCD9}.Release|Any CPU.Build.0 = Release|Any CPU
		{6D770E84-FD5F-4AB3-A6A3-C5D9947EFBA7}.Debug|Any CPU.ActiveCfg = Debug|Any CPU
		{6D770E84-FD5F-4AB3-A6A3-C5D9947EFBA7}.Debug|Any CPU.Build.0 = Debug|Any CPU
		{6D770E84-FD5F-4AB3-A6A3-C5D9947EFBA7}.Release|Any CPU.ActiveCfg = Release|Any CPU
		{6D770E84-FD5F-4AB3-A6A3-C5D9947EFBA7}.Release|Any CPU.Build.0 = Release|Any CPU
	EndGlobalSection
	GlobalSection(SolutionProperties) = preSolution
		HideSolutionNode = FALSE
	EndGlobalSection
	GlobalSection(ExtensibilityGlobals) = postSolution
		SolutionGuid = {D8F71647-D7E2-4C21-98AA-8AE8E8B2C6C8}
	EndGlobalSection
EndGlobal
